
Microsoft Visual Studio Solution File, Format Version 10.00
# Visual Studio 2008
Project("{FAE04EC0-301F-11D3-BF4B-00C04F79EFBC}") = "Game", "Game\Game.csproj", "{F01C6538-04EF-4F11-93DD-3A26B09D06F8}"
EndProject
Project("{FAE04EC0-301F-11D3-BF4B-00C04F79EFBC}") = "XreaL", "XreaL\XreaL.csproj", "{0E1046DC-0863-401A-BF93-D035DB73A7C5}"
EndProject
Global
	GlobalSection(SolutionConfigurationPlatforms) = preSolution
		Debug|Any CPU = Debug|Any CPU
		Release|Any CPU = Release|Any CPU
	EndGlobalSection
	GlobalSection(ProjectConfigurationPlatforms) = postSolution
		{0E1046DC-0863-401A-BF93-D035DB73A7C5}.Debug|Any CPU.ActiveCfg = Debug|Any CPU
		{0E1046DC-0863-401A-BF93-D035DB73A7C5}.Debug|Any CPU.Build.0 = Debug|Any CPU
		{0E1046DC-0863-401A-BF93-D035DB73A7C5}.Release|Any CPU.ActiveCfg = Release|Any CPU
		{0E1046DC-0863-401A-BF93-D035DB73A7C5}.Release|Any CPU.Build.0 = Release|Any CPU
		{F01C6538-04EF-4F11-93DD-3A26B09D06F8}.Debug|Any CPU.ActiveCfg = Debug|Any CPU
		{F01C6538-04EF-4F11-93DD-3A26B09D06F8}.Debug|Any CPU.Build.0 = Debug|Any CPU
		{F01C6538-04EF-4F11-93DD-3A26B09D06F8}.Release|Any CPU.ActiveCfg = Release|Any CPU
		{F01C6538-04EF-4F11-93DD-3A26B09D06F8}.Release|Any CPU.Build.0 = Release|Any CPU
	EndGlobalSection
	GlobalSection(MonoDevelopProperties) = preSolution
		StartupItem = Game\Game.csproj
	EndGlobalSection
EndGlobal
